
Microsoft Visual Studio Solution File, Format Version 12.00
# Visual Studio Version 17
VisualStudioVersion = 17.2.32630.192
MinimumVisualStudioVersion = 10.0.40219.1
Project("{FAE04EC0-301F-11D3-BF4B-00C04F79EFBC}") = "BlazorDemoApp", "BlazorDemoApp\BlazorDemoApp.csproj", "{D6AF7347-1B21-4189-A2DA-64DE981CDBDC}"
EndProject
Global
	GlobalSection(SolutionConfigurationPlatforms) = preSolution
		Debug|Any CPU = Debug|Any CPU
		Release|Any CPU = Release|Any CPU
	EndGlobalSection
	GlobalSection(ProjectConfigurationPlatforms) = postSolution
		{D6AF7347-1B21-4189-A2DA-64DE981CDBDC}.Debug|Any CPU.ActiveCfg = Debug|Any CPU
		{D6AF7347-1B21-4189-A2DA-64DE981CDBDC}.Debug|Any CPU.Build.0 = Debug|Any CPU
		{D6AF7347-1B21-4189-A2DA-64DE981CDBDC}.Release|Any CPU.ActiveCfg = Release|Any CPU
		{D6AF7347-1B21-4189-A2DA-64DE981CDBDC}.Release|Any CPU.Build.0 = Release|Any CPU
	EndGlobalSection
	GlobalSection(SolutionProperties) = preSolution
		HideSolutionNode = FALSE
	EndGlobalSection
	GlobalSection(ExtensibilityGlobals) = postSolution
		SolutionGuid = {E9D4BB53-48DF-41B5-BAA2-6F80F0A525D8}
	EndGlobalSection
EndGlobal
